{
    "_readme": [
        "This file locks the dependencies of your project to a known state",
        "Read more about it at https://getcomposer.org/doc/01-basic-usage.md#composer-lock-the-lock-file",
        "This file is @generated automatically"
    ],
    "content-hash": "7cb48037daa95e17c3e285281f7928cb",
    "packages": [
        {
            "name": "art-of-wifi/unifi-api-client",
            "version": "v1.1.24",
            "source": {
                "type": "git",
                "url": "https://github.com/Art-of-WiFi/UniFi-API-client.git",
                "reference": "14f4d58b0288998202c77da8a50f58a9889972f9"
            },
            "dist": {
                "type": "zip",
                "url": "https://api.github.com/repos/Art-of-WiFi/UniFi-API-client/zipball/14f4d58b0288998202c77da8a50f58a9889972f9",
                "reference": "14f4d58b0288998202c77da8a50f58a9889972f9",
                "shasum": ""
            },
            "require": {
                "ext-curl": "*",
                "php": ">=5.4.0"
            },
            "type": "library",
            "autoload": {
                "psr-4": {
                    "UniFi_API\\": "src/"
                }
            },
            "notification-url": "https://packagist.org/downloads/",
            "license": [
                "MIT"
            ],
            "authors": [
                {
                    "name": "Art of WiFi",
                    "email": "info@artofowifi.net",
                    "homepage": "http://artofwifi.net"
                }
            ],
            "description": "API client class for use with Ubiquiti's UniFi controller",
            "homepage": "https://github.com/Art-of-WiFi/UniFi-API-client",
            "keywords": [
                "UBNT",
                "api",
                "client",
                "controller",
                "ubiquiti",
                "unifi"
            ],
            "time": "2018-02-01T16:11:05+00:00"
        },
        {
            "name": "mike42/escpos-php",
            "version": "v1.6",
            "source": {
                "type": "git",
                "url": "https://github.com/mike42/escpos-php.git",
                "reference": "995d9a74d4fec9e0b99ddaf308bac4fec05efc40"
            },
            "dist": {
                "type": "zip",
                "url": "https://api.github.com/repos/mike42/escpos-php/zipball/995d9a74d4fec9e0b99ddaf308bac4fec05efc40",
                "reference": "995d9a74d4fec9e0b99ddaf308bac4fec05efc40",
                "shasum": ""
            },
            "require": {
                "ext-mbstring": "*",
                "php": ">=5.3.9"
            },
            "require-dev": {
                "guzzlehttp/guzzle": "~3.0|~4.0|~5.0|~6.0",
                "phpunit/phpunit": "4.8.*",
                "squizlabs/php_codesniffer": "2.*"
            },
            "suggest": {
                "ext-gd": "Used for image printing if present.",
                "ext-imagick": "Will be used for image printing if present. Required for PDF printing or use of custom fonts.",
                "guzzlehttp/guzzle": "Allows the use of the ApiConnector to send print jobs over HTTP."
            },
            "type": "library",
            "autoload": {
                "psr-4": {
                    "Mike42\\": "src/Mike42"
                }
            },
            "notification-url": "https://packagist.org/downloads/",
            "license": [
                "MIT"
            ],
            "authors": [
                {
                    "name": "Michael Billington",
                    "email": "michael.billington@gmail.com"
                }
            ],
            "description": "PHP receipt printer library for use with ESC/POS-compatible thermal and impact printers",
            "homepage": "https://github.com/mike42/escpos-php",
            "keywords": [
                "ESC-POS",
                "driver",
                "escpos",
                "print",
                "receipt"
            ],
            "time": "2017-11-05T10:18:27+00:00"
        }
    ],
    "packages-dev": [],
    "aliases": [],
    "minimum-stability": "stable",
    "stability-flags": [],
    "prefer-stable": false,
    "prefer-lowest": false,
    "platform": [],
    "platform-dev": []
}
